{
  "name": "get-started-with-webviewer",
  "lockfileVersion": 3,
  "requires": true,
  "packages": {
    "": {
      "dependencies": {
        "@pdftron/webviewer": "^11.7.0"
      }
    },
    "node_modules/@pdftron/webviewer": {
      "version": "11.7.0",
      "resolved": "https://registry.npmjs.org/@pdftron/webviewer/-/webviewer-11.7.0.tgz",
      "integrity": "sha512-MlDrtihDYEvZ19ccZoPKJuXWvyD3C8Fmv6koRdgdWgGx5Yca9HZm79QW4lGAvSJUtYdI6o43rCjVVeRnonzFqA=="
    }
  }
}
